
Microsoft Visual Studio Solution File, Format Version 12.00
# Visual Studio 15
VisualStudioVersion = 15.0.27004.2008
MinimumVisualStudioVersion = 10.0.40219.1
Project("{FAE04EC0-301F-11D3-BF4B-00C04F79EFBC}") = "Admin", "Admin\Admin.csproj", "{7DB114CE-036F-4550-85AA-1DD828E6F1F2}"
EndProject
Project("{FAE04EC0-301F-11D3-BF4B-00C04F79EFBC}") = "Business", "Business\Business.csproj", "{E3C806BC-7D66-47BB-8475-107FAAE211D1}"
EndProject
Project("{FAE04EC0-301F-11D3-BF4B-00C04F79EFBC}") = "Common", "Common\Common.csproj", "{AA52BAFB-B173-42C2-BB15-26D49E4EC318}"
EndProject
Project("{FAE04EC0-301F-11D3-BF4B-00C04F79EFBC}") = "DataProvider", "DataProvider\DataProvider.csproj", "{50C93E96-52FE-46FB-AE58-90A90FE175E7}"
EndProject
Project("{FAE04EC0-301F-11D3-BF4B-00C04F79EFBC}") = "Model", "Model\Model.csproj", "{E75AFB5C-04B9-4303-A7A4-1BC8E82354D9}"
EndProject
Project("{FAE04EC0-301F-11D3-BF4B-00C04F79EFBC}") = "Pic", "Pic\Pic.csproj", "{23C71864-B491-443F-830A-0B6FC5EC2894}"
EndProject
Project("{FAE04EC0-301F-11D3-BF4B-00C04F79EFBC}") = "UpLoadFileV2", "UpLoadFileV2\UpLoadFileV2.csproj", "{4B00955D-4ECE-479D-84AC-8C06D2E36162}"
EndProject
Project("{FAE04EC0-301F-11D3-BF4B-00C04F79EFBC}") = "Www", "Www\Www.csproj", "{DE3AFAA8-7F44-4A69-92A4-2ACB213C9B4B}"
EndProject
Project("{FAE04EC0-301F-11D3-BF4B-00C04F79EFBC}") = "Shop", "Shop\Shop.csproj", "{787713F3-2EAC-486C-BBA0-1A90D095BDB7}"
EndProject
Global
	GlobalSection(SolutionConfigurationPlatforms) = preSolution
		Debug|.NET = Debug|.NET
		Debug|Any CPU = Debug|Any CPU
		Debug|Mixed Platforms = Debug|Mixed Platforms
		Debug|Win32 = Debug|Win32
		Default|.NET = Default|.NET
		Default|Any CPU = Default|Any CPU
		Default|Mixed Platforms = Default|Mixed Platforms
		Default|Win32 = Default|Win32
		Release|.NET = Release|.NET
		Release|Any CPU = Release|Any CPU
		Release|Mixed Platforms = Release|Mixed Platforms
		Release|Win32 = Release|Win32
	EndGlobalSection
	GlobalSection(ProjectConfigurationPlatforms) = postSolution
		{7DB114CE-036F-4550-85AA-1DD828E6F1F2}.Debug|.NET.ActiveCfg = Debug|Any CPU
		{7DB114CE-036F-4550-85AA-1DD828E6F1F2}.Debug|Any CPU.ActiveCfg = Debug|Any CPU
		{7DB114CE-036F-4550-85AA-1DD828E6F1F2}.Debug|Any CPU.Build.0 = Debug|Any CPU
		{7DB114CE-036F-4550-85AA-1DD828E6F1F2}.Debug|Mixed Platforms.ActiveCfg = Debug|Any CPU
		{7DB114CE-036F-4550-85AA-1DD828E6F1F2}.Debug|Mixed Platforms.Build.0 = Debug|Any CPU
		{7DB114CE-036F-4550-85AA-1DD828E6F1F2}.Debug|Win32.ActiveCfg = Debug|Any CPU
		{7DB114CE-036F-4550-85AA-1DD828E6F1F2}.Default|.NET.ActiveCfg = Debug|Any CPU
		{7DB114CE-036F-4550-85AA-1DD828E6F1F2}.Default|Any CPU.ActiveCfg = Debug|Any CPU
		{7DB114CE-036F-4550-85AA-1DD828E6F1F2}.Default|Any CPU.Build.0 = Debug|Any CPU
		{7DB114CE-036F-4550-85AA-1DD828E6F1F2}.Default|Mixed Platforms.ActiveCfg = Debug|Any CPU
		{7DB114CE-036F-4550-85AA-1DD828E6F1F2}.Default|Mixed Platforms.Build.0 = Debug|Any CPU
		{7DB114CE-036F-4550-85AA-1DD828E6F1F2}.Default|Win32.ActiveCfg = Debug|Any CPU
		{7DB114CE-036F-4550-85AA-1DD828E6F1F2}.Release|.NET.ActiveCfg = Release|Any CPU
		{7DB114CE-036F-4550-85AA-1DD828E6F1F2}.Release|Any CPU.ActiveCfg = Release|Any CPU
		{7DB114CE-036F-4550-85AA-1DD828E6F1F2}.Release|Any CPU.Build.0 = Release|Any CPU
		{7DB114CE-036F-4550-85AA-1DD828E6F1F2}.Release|Mixed Platforms.ActiveCfg = Release|Any CPU
		{7DB114CE-036F-4550-85AA-1DD828E6F1F2}.Release|Mixed Platforms.Build.0 = Release|Any CPU
		{7DB114CE-036F-4550-85AA-1DD828E6F1F2}.Release|Win32.ActiveCfg = Release|Any CPU
		{E3C806BC-7D66-47BB-8475-107FAAE211D1}.Debug|.NET.ActiveCfg = Debug|Any CPU
		{E3C806BC-7D66-47BB-8475-107FAAE211D1}.Debug|Any CPU.ActiveCfg = Debug|Any CPU
		{E3C806BC-7D66-47BB-8475-107FAAE211D1}.Debug|Any CPU.Build.0 = Debug|Any CPU
		{E3C806BC-7D66-47BB-8475-107FAAE211D1}.Debug|Mixed Platforms.ActiveCfg = Debug|Any CPU
		{E3C806BC-7D66-47BB-8475-107FAAE211D1}.Debug|Mixed Platforms.Build.0 = Debug|Any CPU
		{E3C806BC-7D66-47BB-8475-107FAAE211D1}.Debug|Win32.ActiveCfg = Debug|Any CPU
		{E3C806BC-7D66-47BB-8475-107FAAE211D1}.Default|.NET.ActiveCfg = Debug|Any CPU
		{E3C806BC-7D66-47BB-8475-107FAAE211D1}.Default|Any CPU.ActiveCfg = Debug|Any CPU
		{E3C806BC-7D66-47BB-8475-107FAAE211D1}.Default|Any CPU.Build.0 = Debug|Any CPU
		{E3C806BC-7D66-47BB-8475-107FAAE211D1}.Default|Mixed Platforms.ActiveCfg = Debug|Any CPU
		{E3C806BC-7D66-47BB-8475-107FAAE211D1}.Default|Mixed Platforms.Build.0 = Debug|Any CPU
		{E3C806BC-7D66-47BB-8475-107FAAE211D1}.Default|Win32.ActiveCfg = Debug|Any CPU
		{E3C806BC-7D66-47BB-8475-107FAAE211D1}.Release|.NET.ActiveCfg = Release|Any CPU
		{E3C806BC-7D66-47BB-8475-107FAAE211D1}.Release|Any CPU.ActiveCfg = Release|Any CPU
		{E3C806BC-7D66-47BB-8475-107FAAE211D1}.Release|Any CPU.Build.0 = Release|Any CPU
		{E3C806BC-7D66-47BB-8475-107FAAE211D1}.Release|Mixed Platforms.ActiveCfg = Release|Any CPU
		{E3C806BC-7D66-47BB-8475-107FAAE211D1}.Release|Mixed Platforms.Build.0 = Release|Any CPU
		{E3C806BC-7D66-47BB-8475-107FAAE211D1}.Release|Win32.ActiveCfg = Release|Any CPU
		{AA52BAFB-B173-42C2-BB15-26D49E4EC318}.Debug|.NET.ActiveCfg = Debug|Any CPU
		{AA52BAFB-B173-42C2-BB15-26D49E4EC318}.Debug|Any CPU.ActiveCfg = Debug|Any CPU
		{AA52BAFB-B173-42C2-BB15-26D49E4EC318}.Debug|Any CPU.Build.0 = Debug|Any CPU
		{AA52BAFB-B173-42C2-BB15-26D49E4EC318}.Debug|Mixed Platforms.ActiveCfg = Debug|Any CPU
		{AA52BAFB-B173-42C2-BB15-26D49E4EC318}.Debug|Mixed Platforms.Build.0 = Debug|Any CPU
		{AA52BAFB-B173-42C2-BB15-26D49E4EC318}.Debug|Win32.ActiveCfg = Debug|Any CPU
		{AA52BAFB-B173-42C2-BB15-26D49E4EC318}.Default|.NET.ActiveCfg = Debug|Any CPU
		{AA52BAFB-B173-42C2-BB15-26D49E4EC318}.Default|Any CPU.ActiveCfg = Debug|Any CPU
		{AA52BAFB-B173-42C2-BB15-26D49E4EC318}.Default|Any CPU.Build.0 = Debug|Any CPU
		{AA52BAFB-B173-42C2-BB15-26D49E4EC318}.Default|Mixed Platforms.ActiveCfg = Debug|Any CPU
		{AA52BAFB-B173-42C2-BB15-26D49E4EC318}.Default|Mixed Platforms.Build.0 = Debug|Any CPU
		{AA52BAFB-B173-42C2-BB15-26D49E4EC318}.Default|Win32.ActiveCfg = Debug|Any CPU
		{AA52BAFB-B173-42C2-BB15-26D49E4EC318}.Release|.NET.ActiveCfg = Release|Any CPU
		{AA52BAFB-B173-42C2-BB15-26D49E4EC318}.Release|Any CPU.ActiveCfg = Release|Any CPU
		{AA52BAFB-B173-42C2-BB15-26D49E4EC318}.Release|Any CPU.Build.0 = Release|Any CPU
		{AA52BAFB-B173-42C2-BB15-26D49E4EC318}.Release|Mixed Platforms.ActiveCfg = Release|Any CPU
		{AA52BAFB-B173-42C2-BB15-26D49E4EC318}.Release|Mixed Platforms.Build.0 = Release|Any CPU
		{AA52BAFB-B173-42C2-BB15-26D49E4EC318}.Release|Win32.ActiveCfg = Release|Any CPU
		{50C93E96-52FE-46FB-AE58-90A90FE175E7}.Debug|.NET.ActiveCfg = Debug|Any CPU
		{50C93E96-52FE-46FB-AE58-90A90FE175E7}.Debug|Any CPU.ActiveCfg = Debug|Any CPU
		{50C93E96-52FE-46FB-AE58-90A90FE175E7}.Debug|Any CPU.Build.0 = Debug|Any CPU
		{50C93E96-52FE-46FB-AE58-90A90FE175E7}.Debug|Mixed Platforms.ActiveCfg = Debug|Any CPU
		{50C93E96-52FE-46FB-AE58-90A90FE175E7}.Debug|Mixed Platforms.Build.0 = Debug|Any CPU
		{50C93E96-52FE-46FB-AE58-90A90FE175E7}.Debug|Win32.ActiveCfg = Debug|Any CPU
		{50C93E96-52FE-46FB-AE58-90A90FE175E7}.Default|.NET.ActiveCfg = Debug|Any CPU
		{50C93E96-52FE-46FB-AE58-90A90FE175E7}.Default|Any CPU.ActiveCfg = Debug|Any CPU
		{50C93E96-52FE-46FB-AE58-90A90FE175E7}.Default|Any CPU.Build.0 = Debug|Any CPU
		{50C93E96-52FE-46FB-AE58-90A90FE175E7}.Default|Mixed Platforms.ActiveCfg = Debug|Any CPU
		{50C93E96-52FE-46FB-AE58-90A90FE175E7}.Default|Mixed Platforms.Build.0 = Debug|Any CPU
		{50C93E96-52FE-46FB-AE58-90A90FE175E7}.Default|Win32.ActiveCfg = Debug|Any CPU
		{50C93E96-52FE-46FB-AE58-90A90FE175E7}.Release|.NET.ActiveCfg = Release|Any CPU
		{50C93E96-52FE-46FB-AE58-90A90FE175E7}.Release|Any CPU.ActiveCfg = Release|Any CPU
		{50C93E96-52FE-46FB-AE58-90A90FE175E7}.Release|Any CPU.Build.0 = Release|Any CPU
		{50C93E96-52FE-46FB-AE58-90A90FE175E7}.Release|Mixed Platforms.ActiveCfg = Release|Any CPU
		{50C93E96-52FE-46FB-AE58-90A90FE175E7}.Release|Mixed Platforms.Build.0 = Release|Any CPU
		{50C93E96-52FE-46FB-AE58-90A90FE175E7}.Release|Win32.ActiveCfg = Release|Any CPU
		{E75AFB5C-04B9-4303-A7A4-1BC8E82354D9}.Debug|.NET.ActiveCfg = Debug|Any CPU
		{E75AFB5C-04B9-4303-A7A4-1BC8E82354D9}.Debug|Any CPU.ActiveCfg = Debug|Any CPU
		{E75AFB5C-04B9-4303-A7A4-1BC8E82354D9}.Debug|Any CPU.Build.0 = Debug|Any CPU
		{E75AFB5C-04B9-4303-A7A4-1BC8E82354D9}.Debug|Mixed Platforms.ActiveCfg = Debug|Any CPU
		{E75AFB5C-04B9-4303-A7A4-1BC8E82354D9}.Debug|Mixed Platforms.Build.0 = Debug|Any CPU
		{E75AFB5C-04B9-4303-A7A4-1BC8E82354D9}.Debug|Win32.ActiveCfg = Debug|Any CPU
		{E75AFB5C-04B9-4303-A7A4-1BC8E82354D9}.Default|.NET.ActiveCfg = Debug|Any CPU
		{E75AFB5C-04B9-4303-A7A4-1BC8E82354D9}.Default|Any CPU.ActiveCfg = Debug|Any CPU
		{E75AFB5C-04B9-4303-A7A4-1BC8E82354D9}.Default|Any CPU.Build.0 = Debug|Any CPU
		{E75AFB5C-04B9-4303-A7A4-1BC8E82354D9}.Default|Mixed Platforms.ActiveCfg = Debug|Any CPU
		{E75AFB5C-04B9-4303-A7A4-1BC8E82354D9}.Default|Mixed Platforms.Build.0 = Debug|Any CPU
		{E75AFB5C-04B9-4303-A7A4-1BC8E82354D9}.Default|Win32.ActiveCfg = Debug|Any CPU
		{E75AFB5C-04B9-4303-A7A4-1BC8E82354D9}.Release|.NET.ActiveCfg = Release|Any CPU
		{E75AFB5C-04B9-4303-A7A4-1BC8E82354D9}.Release|Any CPU.ActiveCfg = Release|Any CPU
		{E75AFB5C-04B9-4303-A7A4-1BC8E82354D9}.Release|Any CPU.Build.0 = Release|Any CPU
		{E75AFB5C-04B9-4303-A7A4-1BC8E82354D9}.Release|Mixed Platforms.ActiveCfg = Release|Any CPU
		{E75AFB5C-04B9-4303-A7A4-1BC8E82354D9}.Release|Mixed Platforms.Build.0 = Release|Any CPU
		{E75AFB5C-04B9-4303-A7A4-1BC8E82354D9}.Release|Win32.ActiveCfg = Release|Any CPU
		{23C71864-B491-443F-830A-0B6FC5EC2894}.Debug|.NET.ActiveCfg = Debug|Any CPU
		{23C71864-B491-443F-830A-0B6FC5EC2894}.Debug|Any CPU.ActiveCfg = Debug|Any CPU
		{23C71864-B491-443F-830A-0B6FC5EC2894}.Debug|Any CPU.Build.0 = Debug|Any CPU
		{23C71864-B491-443F-830A-0B6FC5EC2894}.Debug|Mixed Platforms.ActiveCfg = Debug|Any CPU
		{23C71864-B491-443F-830A-0B6FC5EC2894}.Debug|Mixed Platforms.Build.0 = Debug|Any CPU
		{23C71864-B491-443F-830A-0B6FC5EC2894}.Debug|Win32.ActiveCfg = Debug|Any CPU
		{23C71864-B491-443F-830A-0B6FC5EC2894}.Default|.NET.ActiveCfg = Debug|Any CPU
		{23C71864-B491-443F-830A-0B6FC5EC2894}.Default|Any CPU.ActiveCfg = Debug|Any CPU
		{23C71864-B491-443F-830A-0B6FC5EC2894}.Default|Any CPU.Build.0 = Debug|Any CPU
		{23C71864-B491-443F-830A-0B6FC5EC2894}.Default|Mixed Platforms.ActiveCfg = Debug|Any CPU
		{23C71864-B491-443F-830A-0B6FC5EC2894}.Default|Mixed Platforms.Build.0 = Debug|Any CPU
		{23C71864-B491-443F-830A-0B6FC5EC2894}.Default|Win32.ActiveCfg = Debug|Any CPU
		{23C71864-B491-443F-830A-0B6FC5EC2894}.Release|.NET.ActiveCfg = Release|Any CPU
		{23C71864-B491-443F-830A-0B6FC5EC2894}.Release|Any CPU.ActiveCfg = Release|Any CPU
		{23C71864-B491-443F-830A-0B6FC5EC2894}.Release|Any CPU.Build.0 = Release|Any CPU
		{23C71864-B491-443F-830A-0B6FC5EC2894}.Release|Mixed Platforms.ActiveCfg = Release|Any CPU
		{23C71864-B491-443F-830A-0B6FC5EC2894}.Release|Mixed Platforms.Build.0 = Release|Any CPU
		{23C71864-B491-443F-830A-0B6FC5EC2894}.Release|Win32.ActiveCfg = Release|Any CPU
		{4B00955D-4ECE-479D-84AC-8C06D2E36162}.Debug|.NET.ActiveCfg = Debug|Any CPU
		{4B00955D-4ECE-479D-84AC-8C06D2E36162}.Debug|Any CPU.ActiveCfg = Debug|Any CPU
		{4B00955D-4ECE-479D-84AC-8C06D2E36162}.Debug|Any CPU.Build.0 = Debug|Any CPU
		{4B00955D-4ECE-479D-84AC-8C06D2E36162}.Debug|Mixed Platforms.ActiveCfg = Debug|Any CPU
		{4B00955D-4ECE-479D-84AC-8C06D2E36162}.Debug|Mixed Platforms.Build.0 = Debug|Any CPU
		{4B00955D-4ECE-479D-84AC-8C06D2E36162}.Debug|Win32.ActiveCfg = Debug|Any CPU
		{4B00955D-4ECE-479D-84AC-8C06D2E36162}.Default|.NET.ActiveCfg = Debug|Any CPU
		{4B00955D-4ECE-479D-84AC-8C06D2E36162}.Default|Any CPU.ActiveCfg = Debug|Any CPU
		{4B00955D-4ECE-479D-84AC-8C06D2E36162}.Default|Any CPU.Build.0 = Debug|Any CPU
		{4B00955D-4ECE-479D-84AC-8C06D2E36162}.Default|Mixed Platforms.ActiveCfg = Debug|Any CPU
		{4B00955D-4ECE-479D-84AC-8C06D2E36162}.Default|Mixed Platforms.Build.0 = Debug|Any CPU
		{4B00955D-4ECE-479D-84AC-8C06D2E36162}.Default|Win32.ActiveCfg = Debug|Any CPU
		{4B00955D-4ECE-479D-84AC-8C06D2E36162}.Release|.NET.ActiveCfg = Release|Any CPU
		{4B00955D-4ECE-479D-84AC-8C06D2E36162}.Release|Any CPU.ActiveCfg = Release|Any CPU
		{4B00955D-4ECE-479D-84AC-8C06D2E36162}.Release|Any CPU.Build.0 = Release|Any CPU
		{4B00955D-4ECE-479D-84AC-8C06D2E36162}.Release|Mixed Platforms.ActiveCfg = Release|Any CPU
		{4B00955D-4ECE-479D-84AC-8C06D2E36162}.Release|Mixed Platforms.Build.0 = Release|Any CPU
		{4B00955D-4ECE-479D-84AC-8C06D2E36162}.Release|Win32.ActiveCfg = Release|Any CPU
		{DE3AFAA8-7F44-4A69-92A4-2ACB213C9B4B}.Debug|.NET.ActiveCfg = Debug|Any CPU
		{DE3AFAA8-7F44-4A69-92A4-2ACB213C9B4B}.Debug|Any CPU.ActiveCfg = Debug|Any CPU
		{DE3AFAA8-7F44-4A69-92A4-2ACB213C9B4B}.Debug|Any CPU.Build.0 = Debug|Any CPU
		{DE3AFAA8-7F44-4A69-92A4-2ACB213C9B4B}.Debug|Mixed Platforms.ActiveCfg = Debug|Any CPU
		{DE3AFAA8-7F44-4A69-92A4-2ACB213C9B4B}.Debug|Mixed Platforms.Build.0 = Debug|Any CPU
		{DE3AFAA8-7F44-4A69-92A4-2ACB213C9B4B}.Debug|Win32.ActiveCfg = Debug|Any CPU
		{DE3AFAA8-7F44-4A69-92A4-2ACB213C9B4B}.Default|.NET.ActiveCfg = Debug|Any CPU
		{DE3AFAA8-7F44-4A69-92A4-2ACB213C9B4B}.Default|Any CPU.ActiveCfg = Debug|Any CPU
		{DE3AFAA8-7F44-4A69-92A4-2ACB213C9B4B}.Default|Any CPU.Build.0 = Debug|Any CPU
		{DE3AFAA8-7F44-4A69-92A4-2ACB213C9B4B}.Default|Mixed Platforms.ActiveCfg = Debug|Any CPU
		{DE3AFAA8-7F44-4A69-92A4-2ACB213C9B4B}.Default|Mixed Platforms.Build.0 = Debug|Any CPU
		{DE3AFAA8-7F44-4A69-92A4-2ACB213C9B4B}.Default|Win32.ActiveCfg = Debug|Any CPU
		{DE3AFAA8-7F44-4A69-92A4-2ACB213C9B4B}.Release|.NET.ActiveCfg = Release|Any CPU
		{DE3AFAA8-7F44-4A69-92A4-2ACB213C9B4B}.Release|Any CPU.ActiveCfg = Release|Any CPU
		{DE3AFAA8-7F44-4A69-92A4-2ACB213C9B4B}.Release|Any CPU.Build.0 = Release|Any CPU
		{DE3AFAA8-7F44-4A69-92A4-2ACB213C9B4B}.Release|Mixed Platforms.ActiveCfg = Release|Any CPU
		{DE3AFAA8-7F44-4A69-92A4-2ACB213C9B4B}.Release|Mixed Platforms.Build.0 = Release|Any CPU
		{DE3AFAA8-7F44-4A69-92A4-2ACB213C9B4B}.Release|Win32.ActiveCfg = Release|Any CPU
		{787713F3-2EAC-486C-BBA0-1A90D095BDB7}.Debug|.NET.ActiveCfg = Debug|Any CPU
		{787713F3-2EAC-486C-BBA0-1A90D095BDB7}.Debug|Any CPU.ActiveCfg = Debug|Any CPU
		{787713F3-2EAC-486C-BBA0-1A90D095BDB7}.Debug|Any CPU.Build.0 = Debug|Any CPU
		{787713F3-2EAC-486C-BBA0-1A90D095BDB7}.Debug|Mixed Platforms.ActiveCfg = Debug|Any CPU
		{787713F3-2EAC-486C-BBA0-1A90D095BDB7}.Debug|Mixed Platforms.Build.0 = Debug|Any CPU
		{787713F3-2EAC-486C-BBA0-1A90D095BDB7}.Debug|Win32.ActiveCfg = Debug|Any CPU
		{787713F3-2EAC-486C-BBA0-1A90D095BDB7}.Default|.NET.ActiveCfg = Debug|Any CPU
		{787713F3-2EAC-486C-BBA0-1A90D095BDB7}.Default|Any CPU.ActiveCfg = Debug|Any CPU
		{787713F3-2EAC-486C-BBA0-1A90D095BDB7}.Default|Any CPU.Build.0 = Debug|Any CPU
		{787713F3-2EAC-486C-BBA0-1A90D095BDB7}.Default|Mixed Platforms.ActiveCfg = Debug|Any CPU
		{787713F3-2EAC-486C-BBA0-1A90D095BDB7}.Default|Mixed Platforms.Build.0 = Debug|Any CPU
		{787713F3-2EAC-486C-BBA0-1A90D095BDB7}.Default|Win32.ActiveCfg = Debug|Any CPU
		{787713F3-2EAC-486C-BBA0-1A90D095BDB7}.Release|.NET.ActiveCfg = Release|Any CPU
		{787713F3-2EAC-486C-BBA0-1A90D095BDB7}.Release|Any CPU.ActiveCfg = Release|Any CPU
		{787713F3-2EAC-486C-BBA0-1A90D095BDB7}.Release|Any CPU.Build.0 = Release|Any CPU
		{787713F3-2EAC-486C-BBA0-1A90D095BDB7}.Release|Mixed Platforms.ActiveCfg = Release|Any CPU
		{787713F3-2EAC-486C-BBA0-1A90D095BDB7}.Release|Mixed Platforms.Build.0 = Release|Any CPU
		{787713F3-2EAC-486C-BBA0-1A90D095BDB7}.Release|Win32.ActiveCfg = Release|Any CPU
	EndGlobalSection
	GlobalSection(SolutionProperties) = preSolution
		HideSolutionNode = FALSE
	EndGlobalSection
	GlobalSection(ExtensibilityGlobals) = postSolution
		SolutionGuid = {B2E74AC6-D863-43CB-9C83-EB82123C9E93}
	EndGlobalSection
EndGlobal
